
Microsoft Visual Studio Solution File, Format Version 12.00
# Visual Studio 15
VisualStudioVersion = 15.0.28307.489
MinimumVisualStudioVersion = 10.0.40219.1
Project("{8BC9CEB8-8B4A-11D0-8D11-00A0C91BC942}") = "SFMLTest02", "SFMLTest02\SFMLTest02.vcxproj", "{A4A489DA-1389-42F6-A330-FD5D3E579A95}"
EndProject
Global
	GlobalSection(SolutionConfigurationPlatforms) = preSolution
		Debug|x64 = Debug|x64
		Debug|x86 = Debug|x86
		Release|x64 = Release|x64
		Release|x86 = Release|x86
	EndGlobalSection
	GlobalSection(ProjectConfigurationPlatforms) = postSolution
		{A4A489DA-1389-42F6-A330-FD5D3E579A95}.Debug|x64.ActiveCfg = Debug|x64
		{A4A489DA-1389-42F6-A330-FD5D3E579A95}.Debug|x64.Build.0 = Debug|x64
		{A4A489DA-1389-42F6-A330-FD5D3E579A95}.Debug|x86.ActiveCfg = Debug|Win32
		{A4A489DA-1389-42F6-A330-FD5D3E579A95}.Debug|x86.Build.0 = Debug|Win32
		{A4A489DA-1389-42F6-A330-FD5D3E579A95}.Release|x64.ActiveCfg = Release|x64
		{A4A489DA-1389-42F6-A330-FD5D3E579A95}.Release|x64.Build.0 = Release|x64
		{A4A489DA-1389-42F6-A330-FD5D3E579A95}.Release|x86.ActiveCfg = Release|Win32
		{A4A489DA-1389-42F6-A330-FD5D3E579A95}.Release|x86.Build.0 = Release|Win32
	EndGlobalSection
	GlobalSection(SolutionProperties) = preSolution
		HideSolutionNode = FALSE
	EndGlobalSection
	GlobalSection(ExtensibilityGlobals) = postSolution
		SolutionGuid = {97017F6C-2EE5-4E91-B3F0-593F857B0B5B}
	EndGlobalSection
EndGlobal
